
Microsoft Visual Studio Solution File, Format Version 12.00
# Visual Studio Version 16
VisualStudioVersion = 16.0.31205.134
MinimumVisualStudioVersion = 10.0.40219.1
Project("{9A19103F-16F7-4668-BE54-9A1E7A4F7556}") = "ImMicro.Api", "ImMicro.Api\ImMicro.Api.csproj", "{B7A66112-C478-4499-A275-30A2DD9F76CE}"
EndProject
Project("{2150E333-8FDC-42A3-9474-1A3956D46DE8}") = "1.UI", "1.UI", "{22D081F5-D026-467B-A9E5-A80BDEC81FA2}"
EndProject
Project("{2150E333-8FDC-42A3-9474-1A3956D46DE8}") = "2.Business", "2.Business", "{211A0071-4823-43FA-B72F-6ED4F2B6D88C}"
EndProject
Project("{9A19103F-16F7-4668-BE54-9A1E7A4F7556}") = "ImMicro.Business", "ImMicro.Business\ImMicro.Business.csproj", "{60D22EE0-7CB8-4B7B-AA1F-5286F355730D}"
EndProject
Project("{9A19103F-16F7-4668-BE54-9A1E7A4F7556}") = "ImMicro.Common", "ImMicro.Common\ImMicro.Common.csproj", "{42BC0B3A-4413-4288-BF9F-D5EC41012685}"
EndProject
Project("{9A19103F-16F7-4668-BE54-9A1E7A4F7556}") = "ImMicro.Container", "ImMicro.Container\ImMicro.Container.csproj", "{FE76F643-A982-4736-8BBF-622FE81B0194}"
EndProject
Project("{9A19103F-16F7-4668-BE54-9A1E7A4F7556}") = "ImMicro.Contract", "ImMicro.Contract\ImMicro.Contract.csproj", "{BF459F1A-E857-41C4-AC68-3F7D06AC264F}"
EndProject
Project("{9A19103F-16F7-4668-BE54-9A1E7A4F7556}") = "ImMicro.Data", "ImMicro.Data\ImMicro.Data.csproj", "{1386FFB1-718B-421A-A7F9-29754580382C}"
EndProject
Project("{9A19103F-16F7-4668-BE54-9A1E7A4F7556}") = "ImMicro.Model", "ImMicro.Model\ImMicro.Model.csproj", "{846750CC-6C26-4E91-8A7C-09FDDD028FAF}"
EndProject
Project("{2150E333-8FDC-42A3-9474-1A3956D46DE8}") = "5.Tests", "5.Tests", "{E034E97E-C330-4B37-A32C-B1A7828EA5F2}"
EndProject
Project("{9A19103F-16F7-4668-BE54-9A1E7A4F7556}") = "ImMicro.BusinessTests", "ImMicro.BusinessTests\ImMicro.BusinessTests.csproj", "{234EBB48-62B9-4F2F-B874-7FE0D2129340}"
EndProject
Project("{9A19103F-16F7-4668-BE54-9A1E7A4F7556}") = "ImMicro.CommonTests", "ImMicro.CommonTests\ImMicro.CommonTests.csproj", "{053AB47C-4103-4EBF-BDF2-0F6A7B214BA1}"
EndProject
Project("{E53339B2-1760-4266-BCC7-CA923CBCF16C}") = "docker-compose", "docker-compose.dcproj", "{6F28F868-0EFC-4C60-8F9C-0A6F3D83571D}"
EndProject
Project("{2150E333-8FDC-42A3-9474-1A3956D46DE8}") = "3.MessageConsumers", "3.MessageConsumers", "{BEA48BDE-2865-4127-BA89-05B8BEF380C2}"
EndProject
Project("{2150E333-8FDC-42A3-9474-1A3956D46DE8}") = "4.ScheduleServices", "4.ScheduleServices", "{D52D8BA6-A7BB-4CC0-9160-0A9219F784CA}"
EndProject
Project("{FAE04EC0-301F-11D3-BF4B-00C04F79EFBC}") = "ImMicro.ScheduleService", "ImMicro.ScheduleService\ImMicro.ScheduleService.csproj", "{3A981029-D0DC-4842-BC08-47293BFFE2C7}"
EndProject
Project("{FAE04EC0-301F-11D3-BF4B-00C04F79EFBC}") = "ImMicro.Resources", "ImMicro.Resources\ImMicro.Resources.csproj", "{408D4251-3974-41C5-8EF3-6F2E9542DFC6}"
EndProject
Project("{FAE04EC0-301F-11D3-BF4B-00C04F79EFBC}") = "ImMicro.Consumer", "ImMicro.Consumer\ImMicro.Consumer.csproj", "{929588F6-C9E3-43D6-8121-D16B9ACFFF15}"
EndProject
Global
	GlobalSection(SolutionConfigurationPlatforms) = preSolution
		Debug|Any CPU = Debug|Any CPU
		Release|Any CPU = Release|Any CPU
	EndGlobalSection
	GlobalSection(ProjectConfigurationPlatforms) = postSolution
		{B7A66112-C478-4499-A275-30A2DD9F76CE}.Debug|Any CPU.ActiveCfg = Debug|Any CPU
		{B7A66112-C478-4499-A275-30A2DD9F76CE}.Debug|Any CPU.Build.0 = Debug|Any CPU
		{B7A66112-C478-4499-A275-30A2DD9F76CE}.Release|Any CPU.ActiveCfg = Release|Any CPU
		{B7A66112-C478-4499-A275-30A2DD9F76CE}.Release|Any CPU.Build.0 = Release|Any CPU
		{60D22EE0-7CB8-4B7B-AA1F-5286F355730D}.Debug|Any CPU.ActiveCfg = Debug|Any CPU
		{60D22EE0-7CB8-4B7B-AA1F-5286F355730D}.Debug|Any CPU.Build.0 = Debug|Any CPU
		{60D22EE0-7CB8-4B7B-AA1F-5286F355730D}.Release|Any CPU.ActiveCfg = Release|Any CPU
		{60D22EE0-7CB8-4B7B-AA1F-5286F355730D}.Release|Any CPU.Build.0 = Release|Any CPU
		{42BC0B3A-4413-4288-BF9F-D5EC41012685}.Debug|Any CPU.ActiveCfg = Debug|Any CPU
		{42BC0B3A-4413-4288-BF9F-D5EC41012685}.Debug|Any CPU.Build.0 = Debug|Any CPU
		{42BC0B3A-4413-4288-BF9F-D5EC41012685}.Release|Any CPU.ActiveCfg = Release|Any CPU
		{42BC0B3A-4413-4288-BF9F-D5EC41012685}.Release|Any CPU.Build.0 = Release|Any CPU
		{FE76F643-A982-4736-8BBF-622FE81B0194}.Debug|Any CPU.ActiveCfg = Debug|Any CPU
		{FE76F643-A982-4736-8BBF-622FE81B0194}.Debug|Any CPU.Build.0 = Debug|Any CPU
		{FE76F643-A982-4736-8BBF-622FE81B0194}.Release|Any CPU.ActiveCfg = Release|Any CPU
		{FE76F643-A982-4736-8BBF-622FE81B0194}.Release|Any CPU.Build.0 = Release|Any CPU
		{BF459F1A-E857-41C4-AC68-3F7D06AC264F}.Debug|Any CPU.ActiveCfg = Debug|Any CPU
		{BF459F1A-E857-41C4-AC68-3F7D06AC264F}.Debug|Any CPU.Build.0 = Debug|Any CPU
		{BF459F1A-E857-41C4-AC68-3F7D06AC264F}.Release|Any CPU.ActiveCfg = Release|Any CPU
		{BF459F1A-E857-41C4-AC68-3F7D06AC264F}.Release|Any CPU.Build.0 = Release|Any CPU
		{1386FFB1-718B-421A-A7F9-29754580382C}.Debug|Any CPU.ActiveCfg = Debug|Any CPU
		{1386FFB1-718B-421A-A7F9-29754580382C}.Debug|Any CPU.Build.0 = Debug|Any CPU
		{1386FFB1-718B-421A-A7F9-29754580382C}.Release|Any CPU.ActiveCfg = Release|Any CPU
		{1386FFB1-718B-421A-A7F9-29754580382C}.Release|Any CPU.Build.0 = Release|Any CPU
		{846750CC-6C26-4E91-8A7C-09FDDD028FAF}.Debug|Any CPU.ActiveCfg = Debug|Any CPU
		{846750CC-6C26-4E91-8A7C-09FDDD028FAF}.Debug|Any CPU.Build.0 = Debug|Any CPU
		{846750CC-6C26-4E91-8A7C-09FDDD028FAF}.Release|Any CPU.ActiveCfg = Release|Any CPU
		{846750CC-6C26-4E91-8A7C-09FDDD028FAF}.Release|Any CPU.Build.0 = Release|Any CPU
		{234EBB48-62B9-4F2F-B874-7FE0D2129340}.Debug|Any CPU.ActiveCfg = Debug|Any CPU
		{234EBB48-62B9-4F2F-B874-7FE0D2129340}.Debug|Any CPU.Build.0 = Debug|Any CPU
		{234EBB48-62B9-4F2F-B874-7FE0D2129340}.Release|Any CPU.ActiveCfg = Release|Any CPU
		{234EBB48-62B9-4F2F-B874-7FE0D2129340}.Release|Any CPU.Build.0 = Release|Any CPU
		{053AB47C-4103-4EBF-BDF2-0F6A7B214BA1}.Debug|Any CPU.ActiveCfg = Debug|Any CPU
		{053AB47C-4103-4EBF-BDF2-0F6A7B214BA1}.Debug|Any CPU.Build.0 = Debug|Any CPU
		{053AB47C-4103-4EBF-BDF2-0F6A7B214BA1}.Release|Any CPU.ActiveCfg = Release|Any CPU
		{053AB47C-4103-4EBF-BDF2-0F6A7B214BA1}.Release|Any CPU.Build.0 = Release|Any CPU
		{6F28F868-0EFC-4C60-8F9C-0A6F3D83571D}.Debug|Any CPU.ActiveCfg = Debug|Any CPU
		{6F28F868-0EFC-4C60-8F9C-0A6F3D83571D}.Debug|Any CPU.Build.0 = Debug|Any CPU
		{6F28F868-0EFC-4C60-8F9C-0A6F3D83571D}.Release|Any CPU.ActiveCfg = Release|Any CPU
		{6F28F868-0EFC-4C60-8F9C-0A6F3D83571D}.Release|Any CPU.Build.0 = Release|Any CPU
		{3A981029-D0DC-4842-BC08-47293BFFE2C7}.Debug|Any CPU.ActiveCfg = Debug|Any CPU
		{3A981029-D0DC-4842-BC08-47293BFFE2C7}.Debug|Any CPU.Build.0 = Debug|Any CPU
		{3A981029-D0DC-4842-BC08-47293BFFE2C7}.Release|Any CPU.ActiveCfg = Release|Any CPU
		{3A981029-D0DC-4842-BC08-47293BFFE2C7}.Release|Any CPU.Build.0 = Release|Any CPU
		{408D4251-3974-41C5-8EF3-6F2E9542DFC6}.Debug|Any CPU.ActiveCfg = Debug|Any CPU
		{408D4251-3974-41C5-8EF3-6F2E9542DFC6}.Debug|Any CPU.Build.0 = Debug|Any CPU
		{408D4251-3974-41C5-8EF3-6F2E9542DFC6}.Release|Any CPU.ActiveCfg = Release|Any CPU
		{408D4251-3974-41C5-8EF3-6F2E9542DFC6}.Release|Any CPU.Build.0 = Release|Any CPU
		{929588F6-C9E3-43D6-8121-D16B9ACFFF15}.Debug|Any CPU.ActiveCfg = Debug|Any CPU
		{929588F6-C9E3-43D6-8121-D16B9ACFFF15}.Debug|Any CPU.Build.0 = Debug|Any CPU
		{929588F6-C9E3-43D6-8121-D16B9ACFFF15}.Release|Any CPU.ActiveCfg = Release|Any CPU
		{929588F6-C9E3-43D6-8121-D16B9ACFFF15}.Release|Any CPU.Build.0 = Release|Any CPU
	EndGlobalSection
	GlobalSection(SolutionProperties) = preSolution
		HideSolutionNode = FALSE
	EndGlobalSection
	GlobalSection(NestedProjects) = preSolution
		{B7A66112-C478-4499-A275-30A2DD9F76CE} = {22D081F5-D026-467B-A9E5-A80BDEC81FA2}
		{60D22EE0-7CB8-4B7B-AA1F-5286F355730D} = {211A0071-4823-43FA-B72F-6ED4F2B6D88C}
		{42BC0B3A-4413-4288-BF9F-D5EC41012685} = {211A0071-4823-43FA-B72F-6ED4F2B6D88C}
		{FE76F643-A982-4736-8BBF-622FE81B0194} = {211A0071-4823-43FA-B72F-6ED4F2B6D88C}
		{BF459F1A-E857-41C4-AC68-3F7D06AC264F} = {211A0071-4823-43FA-B72F-6ED4F2B6D88C}
		{1386FFB1-718B-421A-A7F9-29754580382C} = {211A0071-4823-43FA-B72F-6ED4F2B6D88C}
		{846750CC-6C26-4E91-8A7C-09FDDD028FAF} = {211A0071-4823-43FA-B72F-6ED4F2B6D88C}
		{234EBB48-62B9-4F2F-B874-7FE0D2129340} = {E034E97E-C330-4B37-A32C-B1A7828EA5F2}
		{053AB47C-4103-4EBF-BDF2-0F6A7B214BA1} = {E034E97E-C330-4B37-A32C-B1A7828EA5F2}
		{3A981029-D0DC-4842-BC08-47293BFFE2C7} = {D52D8BA6-A7BB-4CC0-9160-0A9219F784CA}
		{408D4251-3974-41C5-8EF3-6F2E9542DFC6} = {211A0071-4823-43FA-B72F-6ED4F2B6D88C}
		{929588F6-C9E3-43D6-8121-D16B9ACFFF15} = {BEA48BDE-2865-4127-BA89-05B8BEF380C2}
	EndGlobalSection
	GlobalSection(ExtensibilityGlobals) = postSolution
		SolutionGuid = {0EA7D551-D9DB-48FC-AAFB-799AD3E9E676}
	EndGlobalSection
EndGlobal
